
Microsoft Visual Studio Solution File, Format Version 12.00
# Visual Studio Version 16
VisualStudioVersion = 16.0.29613.14
MinimumVisualStudioVersion = 10.0.40219.1
Project("{FAE04EC0-301F-11D3-BF4B-00C04F79EFBC}") = "DiscountCalculator", "DiscountCalculator\DiscountCalculator.csproj", "{88B7582D-BF0C-4EEA-9AA1-E1A522232AC3}"
EndProject
Global
	GlobalSection(SolutionConfigurationPlatforms) = preSolution
		Debug|Any CPU = Debug|Any CPU
		Release|Any CPU = Release|Any CPU
	EndGlobalSection
	GlobalSection(ProjectConfigurationPlatforms) = postSolution
		{88B7582D-BF0C-4EEA-9AA1-E1A522232AC3}.Debug|Any CPU.ActiveCfg = Debug|Any CPU
		{88B7582D-BF0C-4EEA-9AA1-E1A522232AC3}.Debug|Any CPU.Build.0 = Debug|Any CPU
		{88B7582D-BF0C-4EEA-9AA1-E1A522232AC3}.Release|Any CPU.ActiveCfg = Release|Any CPU
		{88B7582D-BF0C-4EEA-9AA1-E1A522232AC3}.Release|Any CPU.Build.0 = Release|Any CPU
	EndGlobalSection
	GlobalSection(SolutionProperties) = preSolution
		HideSolutionNode = FALSE
	EndGlobalSection
	GlobalSection(ExtensibilityGlobals) = postSolution
		SolutionGuid = {68DB16E9-6CC8-4DDA-A5AB-254A5C9B5FB4}
	EndGlobalSection
EndGlobal
